# This file is automatically @generated by Wally.
# It is not intended for manual editing.
registry = "test"

[[package]]
name = "axp3cter/lync"
version = "2.3.3"
dependencies = []

[[package]]
name = "ddashdev/profilestore"
version = "1.0.4"
dependencies = []

[[package]]
name = "enzzyfrenzzy/sera"
version = "0.0.2"
dependencies = []

[[package]]
name = "evaera/promise"
version = "4.0.0"
dependencies = []

[[package]]
name = "hakor/rojo-src"
version = "0.1.0"
dependencies = [["fusion", "mattschrubb/fusion@1.2.5"], ["jecs", "ukendio/jecs@0.11.0"], ["lync", "axp3cter/lync@2.3.3"], ["promise", "evaera/promise@4.0.0"], ["quickzone", "levnth/quickzone@0.0.1"], ["sera", "enzzyfrenzzy/sera@0.0.2"], ["spring", "nyxariko/spring@0.1.1"], ["profilestore", "ddashdev/profilestore@1.0.4"]]

[[package]]
name = "levnth/quickzone"
version = "0.0.1"
dependencies = []

[[package]]
name = "mattschrubb/fusion"
version = "1.2.5"
dependencies = []

[[package]]
name = "nyxariko/spring"
version = "0.1.1"
dependencies = []

[[package]]
name = "ukendio/jecs"
version = "0.11.0"
dependencies = []
